
Microsoft Visual Studio Solution File, Format Version 12.00
Project("{FAE04EC0-301F-11D3-BF4B-00C04F79EFBC}") = "WinAuth", "WinAuth\WinAuth.csproj", "{3E832971-5B7D-485E-A758-9DAC76B604A5}"
EndProject
Global
	GlobalSection(SolutionConfigurationPlatforms) = preSolution
		Debug|Any CPU = Debug|Any CPU
		Release|Any CPU = Release|Any CPU
	EndGlobalSection
	GlobalSection(ProjectConfigurationPlatforms) = postSolution
		{3E832971-5B7D-485E-A758-9DAC76B604A5}.Debug|Any CPU.ActiveCfg = Debug|Any CPU
		{3E832971-5B7D-485E-A758-9DAC76B604A5}.Debug|Any CPU.Build.0 = Debug|Any CPU
		{3E832971-5B7D-485E-A758-9DAC76B604A5}.Release|Any CPU.ActiveCfg = Release|Any CPU
		{3E832971-5B7D-485E-A758-9DAC76B604A5}.Release|Any CPU.Build.0 = Release|Any CPU
		{D1A3FC63-C3E7-4655-A23D-492A0A81834A}.Debug|Any CPU.ActiveCfg = Debug|Any CPU
		{D1A3FC63-C3E7-4655-A23D-492A0A81834A}.Debug|Any CPU.Build.0 = Debug|Any CPU
		{D1A3FC63-C3E7-4655-A23D-492A0A81834A}.Release|Any CPU.ActiveCfg = Release|Any CPU
		{D1A3FC63-C3E7-4655-A23D-492A0A81834A}.Release|Any CPU.Build.0 = Release|Any CPU
		{764B414B-44B1-4A9C-B582-19AF948FEEC7}.Debug|Any CPU.ActiveCfg = Debug|Any CPU
		{764B414B-44B1-4A9C-B582-19AF948FEEC7}.Debug|Any CPU.Build.0 = Debug|Any CPU
		{764B414B-44B1-4A9C-B582-19AF948FEEC7}.Release|Any CPU.ActiveCfg = Release|Any CPU
		{764B414B-44B1-4A9C-B582-19AF948FEEC7}.Release|Any CPU.Build.0 = Release|Any CPU
	EndGlobalSection
EndGlobal
